
Microsoft Visual Studio Solution File, Format Version 12.00
# Visual Studio 15
VisualStudioVersion = 15.0.27130.2027
MinimumVisualStudioVersion = 10.0.40219.1
Project("{FAE04EC0-301F-11D3-BF4B-00C04F79EFBC}") = "NumberGuesser", "NumberGuesser.csproj", "{33AFB681-AB1D-43CA-8FD0-82CE1CC18F09}"
EndProject
Global
	GlobalSection(SolutionConfigurationPlatforms) = preSolution
		Debug|Any CPU = Debug|Any CPU
		Release|Any CPU = Release|Any CPU
	EndGlobalSection
	GlobalSection(ProjectConfigurationPlatforms) = postSolution
		{33AFB681-AB1D-43CA-8FD0-82CE1CC18F09}.Debug|Any CPU.ActiveCfg = Debug|Any CPU
		{33AFB681-AB1D-43CA-8FD0-82CE1CC18F09}.Debug|Any CPU.Build.0 = Debug|Any CPU
		{33AFB681-AB1D-43CA-8FD0-82CE1CC18F09}.Release|Any CPU.ActiveCfg = Release|Any CPU
		{33AFB681-AB1D-43CA-8FD0-82CE1CC18F09}.Release|Any CPU.Build.0 = Release|Any CPU
	EndGlobalSection
	GlobalSection(SolutionProperties) = preSolution
		HideSolutionNode = FALSE
	EndGlobalSection
	GlobalSection(ExtensibilityGlobals) = postSolution
		SolutionGuid = {81573856-F62A-48B6-ABDD-42C84D0DB6B5}
	EndGlobalSection
EndGlobal
